
Microsoft Visual Studio Solution File, Format Version 12.00
# Visual Studio Version 17
VisualStudioVersion = 17.14.36401.2
MinimumVisualStudioVersion = 10.0.40219.1
Project("{2150E333-8FDC-42A3-9474-1A3956D46DE8}") = "Services", "Services", "{02EA681E-C7D8-13C7-8484-4AC65E1B71E8}"
EndProject
Project("{2150E333-8FDC-42A3-9474-1A3956D46DE8}") = "Catalog", "Catalog", "{BE0823B8-9E09-4428-BE43-18C79742518D}"
EndProject
Project("{FAE04EC0-301F-11D3-BF4B-00C04F79EFBC}") = "Catalog.API", "Services\Catalog\Catalog.API\Catalog.API.csproj", "{C58738E2-6C0F-4F7E-95DE-D2B7331DD942}"
EndProject
Global
	GlobalSection(SolutionConfigurationPlatforms) = preSolution
		Debug|Any CPU = Debug|Any CPU
		Release|Any CPU = Release|Any CPU
	EndGlobalSection
	GlobalSection(ProjectConfigurationPlatforms) = postSolution
		{C58738E2-6C0F-4F7E-95DE-D2B7331DD942}.Debug|Any CPU.ActiveCfg = Debug|Any CPU
		{C58738E2-6C0F-4F7E-95DE-D2B7331DD942}.Debug|Any CPU.Build.0 = Debug|Any CPU
		{C58738E2-6C0F-4F7E-95DE-D2B7331DD942}.Release|Any CPU.ActiveCfg = Release|Any CPU
		{C58738E2-6C0F-4F7E-95DE-D2B7331DD942}.Release|Any CPU.Build.0 = Release|Any CPU
	EndGlobalSection
	GlobalSection(SolutionProperties) = preSolution
		HideSolutionNode = FALSE
	EndGlobalSection
	GlobalSection(NestedProjects) = preSolution
		{BE0823B8-9E09-4428-BE43-18C79742518D} = {02EA681E-C7D8-13C7-8484-4AC65E1B71E8}
		{C58738E2-6C0F-4F7E-95DE-D2B7331DD942} = {BE0823B8-9E09-4428-BE43-18C79742518D}
	EndGlobalSection
	GlobalSection(ExtensibilityGlobals) = postSolution
		SolutionGuid = {3B6C8220-FB31-4579-93E1-C0AFB4DE5BCD}
	EndGlobalSection
EndGlobal
